
Microsoft Visual Studio Solution File, Format Version 12.00
# Visual Studio 15
VisualStudioVersion = 15.0.27130.2026
MinimumVisualStudioVersion = 10.0.40219.1
Project("{FAE04EC0-301F-11D3-BF4B-00C04F79EFBC}") = "EkiXmlConfiguration", "EkiXmlConfiguration\EkiXmlConfiguration\EkiXmlConfiguration.csproj", "{691578CA-650C-42E2-8D17-7AF9D8F1468C}"
EndProject
Project("{FAE04EC0-301F-11D3-BF4B-00C04F79EFBC}") = "ResSettingEditor", "ResSettingEditor\ResSettingEditor.csproj", "{6342E0B8-A1F7-49B9-968E-7414D1D232CC}"
EndProject
Project("{FAE04EC0-301F-11D3-BF4B-00C04F79EFBC}") = "RoomCell", "RoomControlLibrary\RoomCell.csproj", "{09D82598-81A9-452A-9C69-4FDA76E61985}"
EndProject
Project("{FAE04EC0-301F-11D3-BF4B-00C04F79EFBC}") = "Interface_Login_Local", "Hostel OS Login Interface-local\Hostel OS Login Interface\Interface_Login_Local.csproj", "{9DC919B6-61A7-43DB-A3EB-891C858BF5A7}"
EndProject
Project("{FAE04EC0-301F-11D3-BF4B-00C04F79EFBC}") = "EkiDataBase_Encryption", "EkiDataBase Encryption\EkiDataBase\EkiDataBase_Encryption.csproj", "{646F2618-DE8A-4059-9C5A-F99A505E3B5F}"
EndProject
Project("{FAE04EC0-301F-11D3-BF4B-00C04F79EFBC}") = "Reservation", "Reservation\Reservation.csproj", "{72C84658-425C-407B-8A49-95C2758AFC6B}"
EndProject
Project("{FAE04EC0-301F-11D3-BF4B-00C04F79EFBC}") = "Room", "Room\Room.csproj", "{2294F276-4AD8-4A85-A433-AEB866D969D5}"
EndProject
Project("{FAE04EC0-301F-11D3-BF4B-00C04F79EFBC}") = "Interface_Login_Net", "Hostel OS Login Interface-internet\Hostel OS Login Interface\Interface_Login_Net.csproj", "{E11564B1-C7CF-4217-A1A2-CF9BA1281862}"
EndProject
Project("{FAE04EC0-301F-11D3-BF4B-00C04F79EFBC}") = "Interface_Reception_Fluent", "Interface_Reception_Fluent\Interface_Reception_Fluent.csproj", "{459738CE-6119-4BC8-A53A-A2E2BCB87A16}"
EndProject
Project("{FAE04EC0-301F-11D3-BF4B-00C04F79EFBC}") = "Interface_Reception_Ribbon", "Interface_Reception_Ribbon\Interface_Reception_Ribbon.csproj", "{0F51A868-7C4F-4C71-BD00-5C1A736A2C2E}"
EndProject
Project("{FAE04EC0-301F-11D3-BF4B-00C04F79EFBC}") = "SaleSystem", "SaleSystem\SaleSystem.csproj", "{3843311A-F715-44FD-851C-350888113BF4}"
EndProject
Global
	GlobalSection(SolutionConfigurationPlatforms) = preSolution
		Debug|Any CPU = Debug|Any CPU
		Debug|x86 = Debug|x86
		Release|Any CPU = Release|Any CPU
		Release|x86 = Release|x86
	EndGlobalSection
	GlobalSection(ProjectConfigurationPlatforms) = postSolution
		{691578CA-650C-42E2-8D17-7AF9D8F1468C}.Debug|Any CPU.ActiveCfg = Debug|Any CPU
		{691578CA-650C-42E2-8D17-7AF9D8F1468C}.Debug|Any CPU.Build.0 = Debug|Any CPU
		{691578CA-650C-42E2-8D17-7AF9D8F1468C}.Debug|x86.ActiveCfg = Debug|Any CPU
		{691578CA-650C-42E2-8D17-7AF9D8F1468C}.Debug|x86.Build.0 = Debug|Any CPU
		{691578CA-650C-42E2-8D17-7AF9D8F1468C}.Release|Any CPU.ActiveCfg = Release|Any CPU
		{691578CA-650C-42E2-8D17-7AF9D8F1468C}.Release|Any CPU.Build.0 = Release|Any CPU
		{691578CA-650C-42E2-8D17-7AF9D8F1468C}.Release|x86.ActiveCfg = Release|Any CPU
		{691578CA-650C-42E2-8D17-7AF9D8F1468C}.Release|x86.Build.0 = Release|Any CPU
		{6342E0B8-A1F7-49B9-968E-7414D1D232CC}.Debug|Any CPU.ActiveCfg = Debug|Any CPU
		{6342E0B8-A1F7-49B9-968E-7414D1D232CC}.Debug|Any CPU.Build.0 = Debug|Any CPU
		{6342E0B8-A1F7-49B9-968E-7414D1D232CC}.Debug|x86.ActiveCfg = Debug|Any CPU
		{6342E0B8-A1F7-49B9-968E-7414D1D232CC}.Debug|x86.Build.0 = Debug|Any CPU
		{6342E0B8-A1F7-49B9-968E-7414D1D232CC}.Release|Any CPU.ActiveCfg = Release|Any CPU
		{6342E0B8-A1F7-49B9-968E-7414D1D232CC}.Release|Any CPU.Build.0 = Release|Any CPU
		{6342E0B8-A1F7-49B9-968E-7414D1D232CC}.Release|x86.ActiveCfg = Release|Any CPU
		{6342E0B8-A1F7-49B9-968E-7414D1D232CC}.Release|x86.Build.0 = Release|Any CPU
		{09D82598-81A9-452A-9C69-4FDA76E61985}.Debug|Any CPU.ActiveCfg = Debug|Any CPU
		{09D82598-81A9-452A-9C69-4FDA76E61985}.Debug|Any CPU.Build.0 = Debug|Any CPU
		{09D82598-81A9-452A-9C69-4FDA76E61985}.Debug|x86.ActiveCfg = Debug|Any CPU
		{09D82598-81A9-452A-9C69-4FDA76E61985}.Debug|x86.Build.0 = Debug|Any CPU
		{09D82598-81A9-452A-9C69-4FDA76E61985}.Release|Any CPU.ActiveCfg = Release|Any CPU
		{09D82598-81A9-452A-9C69-4FDA76E61985}.Release|Any CPU.Build.0 = Release|Any CPU
		{09D82598-81A9-452A-9C69-4FDA76E61985}.Release|x86.ActiveCfg = Release|Any CPU
		{09D82598-81A9-452A-9C69-4FDA76E61985}.Release|x86.Build.0 = Release|Any CPU
		{9DC919B6-61A7-43DB-A3EB-891C858BF5A7}.Debug|Any CPU.ActiveCfg = Debug|Any CPU
		{9DC919B6-61A7-43DB-A3EB-891C858BF5A7}.Debug|Any CPU.Build.0 = Debug|Any CPU
		{9DC919B6-61A7-43DB-A3EB-891C858BF5A7}.Debug|x86.ActiveCfg = Debug|x86
		{9DC919B6-61A7-43DB-A3EB-891C858BF5A7}.Debug|x86.Build.0 = Debug|x86
		{9DC919B6-61A7-43DB-A3EB-891C858BF5A7}.Release|Any CPU.ActiveCfg = Release|Any CPU
		{9DC919B6-61A7-43DB-A3EB-891C858BF5A7}.Release|Any CPU.Build.0 = Release|Any CPU
		{9DC919B6-61A7-43DB-A3EB-891C858BF5A7}.Release|x86.ActiveCfg = Release|x86
		{9DC919B6-61A7-43DB-A3EB-891C858BF5A7}.Release|x86.Build.0 = Release|x86
		{646F2618-DE8A-4059-9C5A-F99A505E3B5F}.Debug|Any CPU.ActiveCfg = Debug|Any CPU
		{646F2618-DE8A-4059-9C5A-F99A505E3B5F}.Debug|Any CPU.Build.0 = Debug|Any CPU
		{646F2618-DE8A-4059-9C5A-F99A505E3B5F}.Debug|x86.ActiveCfg = Debug|Any CPU
		{646F2618-DE8A-4059-9C5A-F99A505E3B5F}.Debug|x86.Build.0 = Debug|Any CPU
		{646F2618-DE8A-4059-9C5A-F99A505E3B5F}.Release|Any CPU.ActiveCfg = Release|Any CPU
		{646F2618-DE8A-4059-9C5A-F99A505E3B5F}.Release|Any CPU.Build.0 = Release|Any CPU
		{646F2618-DE8A-4059-9C5A-F99A505E3B5F}.Release|x86.ActiveCfg = Release|Any CPU
		{646F2618-DE8A-4059-9C5A-F99A505E3B5F}.Release|x86.Build.0 = Release|Any CPU
		{72C84658-425C-407B-8A49-95C2758AFC6B}.Debug|Any CPU.ActiveCfg = Debug|Any CPU
		{72C84658-425C-407B-8A49-95C2758AFC6B}.Debug|Any CPU.Build.0 = Debug|Any CPU
		{72C84658-425C-407B-8A49-95C2758AFC6B}.Debug|x86.ActiveCfg = Debug|Any CPU
		{72C84658-425C-407B-8A49-95C2758AFC6B}.Debug|x86.Build.0 = Debug|Any CPU
		{72C84658-425C-407B-8A49-95C2758AFC6B}.Release|Any CPU.ActiveCfg = Release|Any CPU
		{72C84658-425C-407B-8A49-95C2758AFC6B}.Release|Any CPU.Build.0 = Release|Any CPU
		{72C84658-425C-407B-8A49-95C2758AFC6B}.Release|x86.ActiveCfg = Release|Any CPU
		{72C84658-425C-407B-8A49-95C2758AFC6B}.Release|x86.Build.0 = Release|Any CPU
		{2294F276-4AD8-4A85-A433-AEB866D969D5}.Debug|Any CPU.ActiveCfg = Debug|Any CPU
		{2294F276-4AD8-4A85-A433-AEB866D969D5}.Debug|Any CPU.Build.0 = Debug|Any CPU
		{2294F276-4AD8-4A85-A433-AEB866D969D5}.Debug|x86.ActiveCfg = Debug|Any CPU
		{2294F276-4AD8-4A85-A433-AEB866D969D5}.Debug|x86.Build.0 = Debug|Any CPU
		{2294F276-4AD8-4A85-A433-AEB866D969D5}.Release|Any CPU.ActiveCfg = Release|Any CPU
		{2294F276-4AD8-4A85-A433-AEB866D969D5}.Release|Any CPU.Build.0 = Release|Any CPU
		{2294F276-4AD8-4A85-A433-AEB866D969D5}.Release|x86.ActiveCfg = Release|Any CPU
		{2294F276-4AD8-4A85-A433-AEB866D969D5}.Release|x86.Build.0 = Release|Any CPU
		{E11564B1-C7CF-4217-A1A2-CF9BA1281862}.Debug|Any CPU.ActiveCfg = Debug|Any CPU
		{E11564B1-C7CF-4217-A1A2-CF9BA1281862}.Debug|Any CPU.Build.0 = Debug|Any CPU
		{E11564B1-C7CF-4217-A1A2-CF9BA1281862}.Debug|x86.ActiveCfg = Debug|Any CPU
		{E11564B1-C7CF-4217-A1A2-CF9BA1281862}.Debug|x86.Build.0 = Debug|Any CPU
		{E11564B1-C7CF-4217-A1A2-CF9BA1281862}.Release|Any CPU.ActiveCfg = Release|Any CPU
		{E11564B1-C7CF-4217-A1A2-CF9BA1281862}.Release|Any CPU.Build.0 = Release|Any CPU
		{E11564B1-C7CF-4217-A1A2-CF9BA1281862}.Release|x86.ActiveCfg = Release|Any CPU
		{E11564B1-C7CF-4217-A1A2-CF9BA1281862}.Release|x86.Build.0 = Release|Any CPU
		{459738CE-6119-4BC8-A53A-A2E2BCB87A16}.Debug|Any CPU.ActiveCfg = Debug|Any CPU
		{459738CE-6119-4BC8-A53A-A2E2BCB87A16}.Debug|Any CPU.Build.0 = Debug|Any CPU
		{459738CE-6119-4BC8-A53A-A2E2BCB87A16}.Debug|x86.ActiveCfg = Debug|Any CPU
		{459738CE-6119-4BC8-A53A-A2E2BCB87A16}.Release|Any CPU.ActiveCfg = Release|Any CPU
		{459738CE-6119-4BC8-A53A-A2E2BCB87A16}.Release|Any CPU.Build.0 = Release|Any CPU
		{459738CE-6119-4BC8-A53A-A2E2BCB87A16}.Release|x86.ActiveCfg = Release|Any CPU
		{0F51A868-7C4F-4C71-BD00-5C1A736A2C2E}.Debug|Any CPU.ActiveCfg = Debug|Any CPU
		{0F51A868-7C4F-4C71-BD00-5C1A736A2C2E}.Debug|Any CPU.Build.0 = Debug|Any CPU
		{0F51A868-7C4F-4C71-BD00-5C1A736A2C2E}.Debug|x86.ActiveCfg = Debug|x86
		{0F51A868-7C4F-4C71-BD00-5C1A736A2C2E}.Debug|x86.Build.0 = Debug|x86
		{0F51A868-7C4F-4C71-BD00-5C1A736A2C2E}.Release|Any CPU.ActiveCfg = Release|Any CPU
		{0F51A868-7C4F-4C71-BD00-5C1A736A2C2E}.Release|Any CPU.Build.0 = Release|Any CPU
		{0F51A868-7C4F-4C71-BD00-5C1A736A2C2E}.Release|x86.ActiveCfg = Release|x86
		{0F51A868-7C4F-4C71-BD00-5C1A736A2C2E}.Release|x86.Build.0 = Release|x86
		{3843311A-F715-44FD-851C-350888113BF4}.Debug|Any CPU.ActiveCfg = Debug|Any CPU
		{3843311A-F715-44FD-851C-350888113BF4}.Debug|Any CPU.Build.0 = Debug|Any CPU
		{3843311A-F715-44FD-851C-350888113BF4}.Debug|x86.ActiveCfg = Debug|Any CPU
		{3843311A-F715-44FD-851C-350888113BF4}.Debug|x86.Build.0 = Debug|Any CPU
		{3843311A-F715-44FD-851C-350888113BF4}.Release|Any CPU.ActiveCfg = Release|Any CPU
		{3843311A-F715-44FD-851C-350888113BF4}.Release|Any CPU.Build.0 = Release|Any CPU
		{3843311A-F715-44FD-851C-350888113BF4}.Release|x86.ActiveCfg = Release|Any CPU
		{3843311A-F715-44FD-851C-350888113BF4}.Release|x86.Build.0 = Release|Any CPU
	EndGlobalSection
	GlobalSection(SolutionProperties) = preSolution
		HideSolutionNode = FALSE
	EndGlobalSection
	GlobalSection(ExtensibilityGlobals) = postSolution
		SolutionGuid = {D33D8AC8-275E-4E5F-94B0-BD0A8BAEA3FA}
	EndGlobalSection
EndGlobal
